// !$*UTF8*$!
{
	archiveVersion = 1;
	classes = {
	};
	objectVersion = 50;
	objects = {

/* Begin PBXBuildFile section */
		E42CBFF622CF99CF0026EA7A /* AppDelegate.swift in Sources */ = {isa = PBXBuildFile; fileRef = E42CBFF522CF99CF0026EA7A /* AppDelegate.swift */; };
		E42CBFF822CF99CF0026EA7A /* SceneDelegate.swift in Sources */ = {isa = PBXBuildFile; fileRef = E42CBFF722CF99CF0026EA7A /* SceneDelegate.swift */; };
		E42CBFFA22CF99CF0026EA7A /* Home.swift in Sources */ = {isa = PBXBuildFile; fileRef = E42CBFF922CF99CF0026EA7A /* Home.swift */; };
		E42CBFFC22CF99D10026EA7A /* Assets.xcassets in Resources */ = {isa = PBXBuildFile; fileRef = E42CBFFB22CF99D10026EA7A /* Assets.xcassets */; };
		E42CBFFF22CF99D10026EA7A /* Preview Assets.xcassets in Resources */ = {isa = PBXBuildFile; fileRef = E42CBFFE22CF99D10026EA7A /* Preview Assets.xcassets */; };
		E42CC00222CF99D10026EA7A /* LaunchScreen.storyboard in Resources */ = {isa = PBXBuildFile; fileRef = E42CC00022CF99D10026EA7A /* LaunchScreen.storyboard */; };
		E438700C22CF9BC4009363C0 /* drinks.json in Resources */ = {isa = PBXBuildFile; fileRef = E438700B22CF9BC4009363C0 /* drinks.json */; };
		E438700E22CF9E94009363C0 /* Data.swift in Sources */ = {isa = PBXBuildFile; fileRef = E438700D22CF9E94009363C0 /* Data.swift */; };
		E438701022CFA0D4009363C0 /* Drink.swift in Sources */ = {isa = PBXBuildFile; fileRef = E438700F22CFA0D4009363C0 /* Drink.swift */; };
		E438701222CFA22A009363C0 /* DrinkItem.swift in Sources */ = {isa = PBXBuildFile; fileRef = E438701122CFA22A009363C0 /* DrinkItem.swift */; };
		E45BC45722CFB03A00CBED56 /* DrinkDetail.swift in Sources */ = {isa = PBXBuildFile; fileRef = E45BC45622CFB03A00CBED56 /* DrinkDetail.swift */; };
		E4FA774C22CFA8E80033EE09 /* DrinkRow.swift in Sources */ = {isa = PBXBuildFile; fileRef = E4FA774B22CFA8E80033EE09 /* DrinkRow.swift */; };
/* End PBXBuildFile section */

/* Begin PBXFileReference section */
		E42CBFF222CF99CF0026EA7A /* CoffeeDBApp.app */ = {isa = PBXFileReference; explicitFileType = wrapper.application; includeInIndex = 0; path = CoffeeDBApp.app; sourceTree = BUILT_PRODUCTS_DIR; };
		E42CBFF522CF99CF0026EA7A /* AppDelegate.swift */ = {isa = PBXFileReference; lastKnownFileType = sourcecode.swift; path = AppDelegate.swift; sourceTree = "<group>"; };
		E42CBFF722CF99CF0026EA7A /* SceneDelegate.swift */ = {isa = PBXFileReference; lastKnownFileType = sourcecode.swift; path = SceneDelegate.swift; sourceTree = "<group>"; };
		E42CBFF922CF99CF0026EA7A /* Home.swift */ = {isa = PBXFileReference; lastKnownFileType = sourcecode.swift; path = Home.swift; sourceTree = "<group>"; };
		E42CBFFB22CF99D10026EA7A /* Assets.xcassets */ = {isa = PBXFileReference; lastKnownFileType = folder.assetcatalog; path = Assets.xcassets; sourceTree = "<group>"; };
		E42CBFFE22CF99D10026EA7A /* Preview Assets.xcassets */ = {isa = PBXFileReference; lastKnownFileType = folder.assetcatalog; path = "Preview Assets.xcassets"; sourceTree = "<group>"; };
		E42CC00122CF99D10026EA7A /* Base */ = {isa = PBXFileReference; lastKnownFileType = file.storyboard; name = Base; path = Base.lproj/LaunchScreen.storyboard; sourceTree = "<group>"; };
		E42CC00322CF99D10026EA7A /* Info.plist */ = {isa = PBXFileReference; lastKnownFileType = text.plist.xml; path = Info.plist; sourceTree = "<group>"; };
		E438700B22CF9BC4009363C0 /* drinks.json */ = {isa = PBXFileReference; lastKnownFileType = text.json; path = drinks.json; sourceTree = "<group>"; };
		E438700D22CF9E94009363C0 /* Data.swift */ = {isa = PBXFileReference; lastKnownFileType = sourcecode.swift; path = Data.swift; sourceTree = "<group>"; };
		E438700F22CFA0D4009363C0 /* Drink.swift */ = {isa = PBXFileReference; lastKnownFileType = sourcecode.swift; path = Drink.swift; sourceTree = "<group>"; };
		E438701122CFA22A009363C0 /* DrinkItem.swift */ = {isa = PBXFileReference; lastKnownFileType = sourcecode.swift; path = DrinkItem.swift; sourceTree = "<group>"; };
		E45BC45622CFB03A00CBED56 /* DrinkDetail.swift */ = {isa = PBXFileReference; lastKnownFileType = sourcecode.swift; path = DrinkDetail.swift; sourceTree = "<group>"; };
		E4FA774B22CFA8E80033EE09 /* DrinkRow.swift */ = {isa = PBXFileReference; lastKnownFileType = sourcecode.swift; path = DrinkRow.swift; sourceTree = "<group>"; };
/* End PBXFileReference section */

/* Begin PBXFrameworksBuildPhase section */
		E42CBFEF22CF99CF0026EA7A /* Frameworks */ = {
			isa = PBXFrameworksBuildPhase;
			buildActionMask = 2147483647;
			files = (
			);
			runOnlyForDeploymentPostprocessing = 0;
		};
/* End PBXFrameworksBuildPhase section */

/* Begin PBXGroup section */
		E42CBFE922CF99CF0026EA7A = {
			isa = PBXGroup;
			children = (
				E42CBFF422CF99CF0026EA7A /* CoffeeDBApp */,
				E42CBFF322CF99CF0026EA7A /* Products */,
			);
			sourceTree = "<group>";
		};
		E42CBFF322CF99CF0026EA7A /* Products */ = {
			isa = PBXGroup;
			children = (
				E42CBFF222CF99CF0026EA7A /* CoffeeDBApp.app */,
			);
			name = Products;
			sourceTree = "<group>";
		};
		E42CBFF422CF99CF0026EA7A /* CoffeeDBApp */ = {
			isa = PBXGroup;
			children = (
				E42CBFF522CF99CF0026EA7A /* AppDelegate.swift */,
				E42CBFF722CF99CF0026EA7A /* SceneDelegate.swift */,
				E45BC45822CFB93E00CBED56 /* Views */,
				E45BC45922CFB95400CBED56 /* Model */,
				E42CBFFB22CF99D10026EA7A /* Assets.xcassets */,
				E42CC00022CF99D10026EA7A /* LaunchScreen.storyboard */,
				E42CC00322CF99D10026EA7A /* Info.plist */,
				E42CBFFD22CF99D10026EA7A /* Preview Content */,
				E438700B22CF9BC4009363C0 /* drinks.json */,
			);
			path = CoffeeDBApp;
			sourceTree = "<group>";
		};
		E42CBFFD22CF99D10026EA7A /* Preview Content */ = {
			isa = PBXGroup;
			children = (
				E42CBFFE22CF99D10026EA7A /* Preview Assets.xcassets */,
			);
			path = "Preview Content";
			sourceTree = "<group>";
		};
		E45BC45822CFB93E00CBED56 /* Views */ = {
			isa = PBXGroup;
			children = (
				E42CBFF922CF99CF0026EA7A /* Home.swift */,
				E45BC45622CFB03A00CBED56 /* DrinkDetail.swift */,
				E4FA774B22CFA8E80033EE09 /* DrinkRow.swift */,
				E438701122CFA22A009363C0 /* DrinkItem.swift */,
			);
			path = Views;
			sourceTree = "<group>";
		};
		E45BC45922CFB95400CBED56 /* Model */ = {
			isa = PBXGroup;
			children = (
				E438700D22CF9E94009363C0 /* Data.swift */,
				E438700F22CFA0D4009363C0 /* Drink.swift */,
			);
			path = Model;
			sourceTree = "<group>";
		};
/* End PBXGroup section */

/* Begin PBXNativeTarget section */
		E42CBFF122CF99CF0026EA7A /* CoffeeDBApp */ = {
			isa = PBXNativeTarget;
			buildConfigurationList = E42CC00622CF99D10026EA7A /* Build configuration list for PBXNativeTarget "CoffeeDBApp" */;
			buildPhases = (
				E42CBFEE22CF99CF0026EA7A /* Sources */,
				E42CBFEF22CF99CF0026EA7A /* Frameworks */,
				E42CBFF022CF99CF0026EA7A /* Resources */,
			);
			buildRules = (
			);
			dependencies = (
			);
			name = CoffeeDBApp;
			productName = CoffeeDBApp;
			productReference = E42CBFF222CF99CF0026EA7A /* CoffeeDBApp.app */;
			productType = "com.apple.product-type.application";
		};
/* End PBXNativeTarget section */

/* Begin PBXProject section */
		E42CBFEA22CF99CF0026EA7A /* Project object */ = {
			isa = PBXProject;
			attributes = {
				LastSwiftUpdateCheck = 1100;
				LastUpgradeCheck = 1100;
				ORGANIZATIONNAME = "Ben Mitchell";
				TargetAttributes = {
					E42CBFF122CF99CF0026EA7A = {
						CreatedOnToolsVersion = 11.0;
					};
				};
			};
			buildConfigurationList = E42CBFED22CF99CF0026EA7A /* Build configuration list for PBXProject "CoffeeDBApp" */;
			compatibilityVersion = "Xcode 9.3";
			developmentRegion = en;
			hasScannedForEncodings = 0;
			knownRegions = (
				en,
				Base,
			);
			mainGroup = E42CBFE922CF99CF0026EA7A;
			productRefGroup = E42CBFF322CF99CF0026EA7A /* Products */;
			projectDirPath = "";
			projectRoot = "";
			targets = (
				E42CBFF122CF99CF0026EA7A /* CoffeeDBApp */,
			);
		};
/* End PBXProject section */

/* Begin PBXResourcesBuildPhase section */
		E42CBFF022CF99CF0026EA7A /* Resources */ = {
			isa = PBXResourcesBuildPhase;
			buildActionMask = 2147483647;
			files = (
				E42CC00222CF99D10026EA7A /* LaunchScreen.storyboard in Resources */,
				E42CBFFF22CF99D10026EA7A /* Preview Assets.xcassets in Resources */,
				E438700C22CF9BC4009363C0 /* drinks.json in Resources */,
				E42CBFFC22CF99D10026EA7A /* Assets.xcassets in Resources */,
			);
			runOnlyForDeploymentPostprocessing = 0;
		};
/* End PBXResourcesBuildPhase section */

/* Begin PBXSourcesBuildPhase section */
		E42CBFEE22CF99CF0026EA7A /* Sources */ = {
			isa = PBXSourcesBuildPhase;
			buildActionMask = 2147483647;
			files = (
				E42CBFF622CF99CF0026EA7A /* AppDelegate.swift in Sources */,
				E42CBFF822CF99CF0026EA7A /* SceneDelegate.swift in Sources */,
				E4FA774C22CFA8E80033EE09 /* DrinkRow.swift in Sources */,
				E42CBFFA22CF99CF0026EA7A /* Home.swift in Sources */,
				E438701022CFA0D4009363C0 /* Drink.swift in Sources */,
				E438700E22CF9E94009363C0 /* Data.swift in Sources */,
				E438701222CFA22A009363C0 /* DrinkItem.swift in Sources */,
				E45BC45722CFB03A00CBED56 /* DrinkDetail.swift in Sources */,
			);
			runOnlyForDeploymentPostprocessing = 0;
		};
/* End PBXSourcesBuildPhase section */

/* Begin PBXVariantGroup section */
		E42CC00022CF99D10026EA7A /* LaunchScreen.storyboard */ = {
			isa = PBXVariantGroup;
			children = (
				E42CC00122CF99D10026EA7A /* Base */,
			);
			name = LaunchScreen.storyboard;
			sourceTree = "<group>";
		};
/* End PBXVariantGroup section */

/* Begin XCBuildConfiguration section */
		E42CC00422CF99D10026EA7A /* Debug */ = {
			isa = XCBuildConfiguration;
			buildSettings = {
				ALWAYS_SEARCH_USER_PATHS = NO;
				CLANG_ANALYZER_NONNULL = YES;
				CLANG_ANALYZER_NUMBER_OBJECT_CONVERSION = YES_AGGRESSIVE;
				CLANG_CXX_LANGUAGE_STANDARD = "gnu++14";
				CLANG_CXX_LIBRARY = "libc++";
				CLANG_ENABLE_MODULES = YES;
				CLANG_ENABLE_OBJC_ARC = YES;
				CLANG_ENABLE_OBJC_WEAK = YES;
				CLANG_WARN_BLOCK_CAPTURE_AUTORELEASING = YES;
				CLANG_WARN_BOOL_CONVERSION = YES;
				CLANG_WARN_COMMA = YES;
				CLANG_WARN_CONSTANT_CONVERSION = YES;
				CLANG_WARN_DEPRECATED_OBJC_IMPLEMENTATIONS = YES;
				CLANG_WARN_DIRECT_OBJC_ISA_USAGE = YES_ERROR;
				CLANG_WARN_DOCUMENTATION_COMMENTS = YES;
				CLANG_WARN_EMPTY_BODY = YES;
				CLANG_WARN_ENUM_CONVERSION = YES;
				CLANG_WARN_INFINITE_RECURSION = YES;
				CLANG_WARN_INT_CONVERSION = YES;
				CLANG_WARN_NON_LITERAL_NULL_CONVERSION = YES;
				CLANG_WARN_OBJC_IMPLICIT_RETAIN_SELF = YES;
				CLANG_WARN_OBJC_LITERAL_CONVERSION = YES;
				CLANG_WARN_OBJC_ROOT_CLASS = YES_ERROR;
				CLANG_WARN_RANGE_LOOP_ANALYSIS = YES;
				CLANG_WARN_STRICT_PROTOTYPES = YES;
				CLANG_WARN_SUSPICIOUS_MOVE = YES;
				CLANG_WARN_UNGUARDED_AVAILABILITY = YES_AGGRESSIVE;
				CLANG_WARN_UNREACHABLE_CODE = YES;
				CLANG_WARN__DUPLICATE_METHOD_MATCH = YES;
				COPY_PHASE_STRIP = NO;
				DEBUG_INFORMATION_FORMAT = dwarf;
				ENABLE_STRICT_OBJC_MSGSEND = YES;
				ENABLE_TESTABILITY = YES;
				GCC_C_LANGUAGE_STANDARD = gnu11;
				GCC_DYNAMIC_NO_PIC = NO;
				GCC_NO_COMMON_BLOCKS = YES;
				GCC_OPTIMIZATION_LEVEL = 0;
				GCC_PREPROCESSOR_DEFINITIONS = (
					"DEBUG=1",
					"$(inherited)",
				);
				GCC_WARN_64_TO_32_BIT_CONVERSION = YES;
				GCC_WARN_ABOUT_RETURN_TYPE = YES_ERROR;
				GCC_WARN_UNDECLARED_SELECTOR = YES;
				GCC_WARN_UNINITIALIZED_AUTOS = YES_AGGRESSIVE;
				GCC_WARN_UNUSED_FUNCTION = YES;
				GCC_WARN_UNUSED_VARIABLE = YES;
				IPHONEOS_DEPLOYMENT_TARGET = 13.0;
				MTL_ENABLE_DEBUG_INFO = INCLUDE_SOURCE;
				MTL_FAST_MATH = YES;
				ONLY_ACTIVE_ARCH = YES;
				SDKROOT = iphoneos;
				SWIFT_ACTIVE_COMPILATION_CONDITIONS = DEBUG;
				SWIFT_OPTIMIZATION_LEVEL = "-Onone";
			};
			name = Debug;
		};
		E42CC00522CF99D10026EA7A /* Release */ = {
			isa = XCBuildConfiguration;
			buildSettings = {
				ALWAYS_SEARCH_USER_PATHS = NO;
				CLANG_ANALYZER_NONNULL = YES;
				CLANG_ANALYZER_NUMBER_OBJECT_CONVERSION = YES_AGGRESSIVE;
				CLANG_CXX_LANGUAGE_STANDARD = "gnu++14";
				CLANG_CXX_LIBRARY = "libc++";
				CLANG_ENABLE_MODULES = YES;
				CLANG_ENABLE_OBJC_ARC = YES;
				CLANG_ENABLE_OBJC_WEAK = YES;
				CLANG_WARN_BLOCK_CAPTURE_AUTORELEASING = YES;
				CLANG_WARN_BOOL_CONVERSION = YES;
				CLANG_WARN_COMMA = YES;
				CLANG_WARN_CONSTANT_CONVERSION = YES;
				CLANG_WARN_DEPRECATED_OBJC_IMPLEMENTATIONS = YES;
				CLANG_WARN_DIRECT_OBJC_ISA_USAGE = YES_ERROR;
				CLANG_WARN_DOCUMENTATION_COMMENTS = YES;
				CLANG_WARN_EMPTY_BODY = YES;
				CLANG_WARN_ENUM_CONVERSION = YES;
				CLANG_WARN_INFINITE_RECURSION = YES;
				CLANG_WARN_INT_CONVERSION = YES;
				CLANG_WARN_NON_LITERAL_NULL_CONVERSION = YES;
				CLANG_WARN_OBJC_IMPLICIT_RETAIN_SELF = YES;
				CLANG_WARN_OBJC_LITERAL_CONVERSION = YES;
				CLANG_WARN_OBJC_ROOT_CLASS = YES_ERROR;
				CLANG_WARN_RANGE_LOOP_ANALYSIS = YES;
				CLANG_WARN_STRICT_PROTOTYPES = YES;
				CLANG_WARN_SUSPICIOUS_MOVE = YES;
				CLANG_WARN_UNGUARDED_AVAILABILITY = YES_AGGRESSIVE;
				CLANG_WARN_UNREACHABLE_CODE = YES;
				CLANG_WARN__DUPLICATE_METHOD_MATCH = YES;
				COPY_PHASE_STRIP = NO;
				DEBUG_INFORMATION_FORMAT = "dwarf-with-dsym";
				ENABLE_NS_ASSERTIONS = NO;
				ENABLE_STRICT_OBJC_MSGSEND = YES;
				GCC_C_LANGUAGE_STANDARD = gnu11;
				GCC_NO_COMMON_BLOCKS = YES;
				GCC_WARN_64_TO_32_BIT_CONVERSION = YES;
				GCC_WARN_ABOUT_RETURN_TYPE = YES_ERROR;
				GCC_WARN_UNDECLARED_SELECTOR = YES;
				GCC_WARN_UNINITIALIZED_AUTOS = YES_AGGRESSIVE;
				GCC_WARN_UNUSED_FUNCTION = YES;
				GCC_WARN_UNUSED_VARIABLE = YES;
				IPHONEOS_DEPLOYMENT_TARGET = 13.0;
				MTL_ENABLE_DEBUG_INFO = NO;
				MTL_FAST_MATH = YES;
				SDKROOT = iphoneos;
				SWIFT_COMPILATION_MODE = wholemodule;
				SWIFT_OPTIMIZATION_LEVEL = "-O";
				VALIDATE_PRODUCT = YES;
			};
			name = Release;
		};
		E42CC00722CF99D10026EA7A /* Debug */ = {
			isa = XCBuildConfiguration;
			buildSettings = {
				ASSETCATALOG_COMPILER_APPICON_NAME = AppIcon;
				CODE_SIGN_STYLE = Automatic;
				DEVELOPMENT_ASSET_PATHS = "CoffeeDBApp/Preview\\ Content";
				DEVELOPMENT_TEAM = RWJ4UJ5MY6;
				ENABLE_PREVIEWS = YES;
				INFOPLIST_FILE = CoffeeDBApp/Info.plist;
				LD_RUNPATH_SEARCH_PATHS = (
					"$(inherited)",
					"@executable_path/Frameworks",
				);
				PRODUCT_BUNDLE_IDENTIFIER = xyz.benmitchell.CoffeeDBApp;
				PRODUCT_NAME = "$(TARGET_NAME)";
				SWIFT_VERSION = 5.0;
				TARGETED_DEVICE_FAMILY = "1,2";
			};
			name = Debug;
		};
		E42CC00822CF99D10026EA7A /* Release */ = {
			isa = XCBuildConfiguration;
			buildSettings = {
				ASSETCATALOG_COMPILER_APPICON_NAME = AppIcon;
				CODE_SIGN_STYLE = Automatic;
				DEVELOPMENT_ASSET_PATHS = "CoffeeDBApp/Preview\\ Content";
				DEVELOPMENT_TEAM = RWJ4UJ5MY6;
				ENABLE_PREVIEWS = YES;
				INFOPLIST_FILE = CoffeeDBApp/Info.plist;
				LD_RUNPATH_SEARCH_PATHS = (
					"$(inherited)",
					"@executable_path/Frameworks",
				);
				PRODUCT_BUNDLE_IDENTIFIER = xyz.benmitchell.CoffeeDBApp;
				PRODUCT_NAME = "$(TARGET_NAME)";
				SWIFT_VERSION = 5.0;
				TARGETED_DEVICE_FAMILY = "1,2";
			};
			name = Release;
		};
/* End XCBuildConfiguration section */

/* Begin XCConfigurationList section */
		E42CBFED22CF99CF0026EA7A /* Build configuration list for PBXProject "CoffeeDBApp" */ = {
			isa = XCConfigurationList;
			buildConfigurations = (
				E42CC00422CF99D10026EA7A /* Debug */,
				E42CC00522CF99D10026EA7A /* Release */,
			);
			defaultConfigurationIsVisible = 0;
			defaultConfigurationName = Release;
		};
		E42CC00622CF99D10026EA7A /* Build configuration list for PBXNativeTarget "CoffeeDBApp" */ = {
			isa = XCConfigurationList;
			buildConfigurations = (
				E42CC00722CF99D10026EA7A /* Debug */,
				E42CC00822CF99D10026EA7A /* Release */,
			);
			defaultConfigurationIsVisible = 0;
			defaultConfigurationName = Release;
		};
/* End XCConfigurationList section */
	};
	rootObject = E42CBFEA22CF99CF0026EA7A /* Project object */;
}
